<?xml version="1.0" encoding="utf-8"?>
<Project ToolsVersion="4.0" xmlns="http://schemas.microsoft.com/developer/msbuild/2003">
  <ItemGroup>
    <Filter Include="Source Files">
      <UniqueIdentifier>{4FC737F1-C7A5-4376-A066-2A32D752A2FF}</UniqueIdentifier>
      <Extensions>cpp;c;cc;cxx;def;odl;idl;hpj;bat;asm;asmx</Extensions>
    </Filter>
    <Filter Include="Header Files">
      <UniqueIdentifier>{93995380-89BD-4b04-88EB-625FBE52EBFB}</UniqueIdentifier>
      <Extensions>h;hpp;hxx;hm;inl;inc;xsd</Extensions>
    </Filter>
    <Filter Include="Resource Files">
      <UniqueIdentifier>{67DA6AB6-F800-4c08-8B7A-83BB121AAD01}</UniqueIdentifier>
      <Extensions>rc;ico;cur;bmp;dlg;rc2;rct;bin;rgs;gif;jpg;jpeg;jpe;resx;tiff;tif;png;wav;mfcribbon-ms</Extensions>
    </Filter>
    <Filter Include="Source Files\GLTools">
      <UniqueIdentifier>{398577e1-fc17-4fe8-bb69-8aae3e9eb00a}</UniqueIdentifier>
    </Filter>
  </ItemGroup>
  <ItemGroup>
    <ClCompile Include="D:\OpenGL\SB5\Src\GLTools\src\GLBatch.cpp">
      <Filter>Source Files\GLTools</Filter>
    </ClCompile>
    <ClCompile Include="D:\OpenGL\SB5\Src\GLTools\src\GLShaderManager.cpp">
      <Filter>Source Files\GLTools</Filter>
    </ClCompile>
    <ClCompile Include="D:\OpenGL\SB5\Src\GLTools\src\GLTools.cpp">
      <Filter>Source Files\GLTools</Filter>
    </ClCompile>
    <ClCompile Include="D:\OpenGL\SB5\Src\GLTools\src\GLTriangleBatch.cpp">
      <Filter>Source Files\GLTools</Filter>
    </ClCompile>
    <ClCompile Include="D:\OpenGL\SB5\Src\GLTools\src\math3d.cpp">
      <Filter>Source Files\GLTools</Filter>
    </ClCompile>
    <ClCompile Include="D:\OpenGL\SB5\Src\GLTools\src\glew.c">
      <Filter>Source Files\GLTools</Filter>
    </ClCompile>
    <ClCompile Include="candide3.cpp">
      <Filter>Source Files</Filter>
    </ClCompile>
    <ClCompile Include="model.cpp">
      <Filter>Source Files</Filter>
    </ClCompile>
    <ClCompile Include="io.cpp">
      <Filter>Source Files</Filter>
    </ClCompile>
    <ClCompile Include="main.cpp">
      <Filter>Source Files</Filter>
    </ClCompile>
  </ItemGroup>
  <ItemGroup>
    <ClInclude Include="model.h">
      <Filter>Header Files</Filter>
    </ClInclude>
    <ClInclude Include="unit.h">
      <Filter>Header Files</Filter>
    </ClInclude>
    <ClInclude Include="image.h">
      <Filter>Header Files</Filter>
    </ClInclude>
    <ClInclude Include="io.h">
      <Filter>Header Files</Filter>
    </ClInclude>
    <ClInclude Include="Tools.h">
      <Filter>Header Files</Filter>
    </ClInclude>
  </ItemGroup>
</Project>